
Microsoft Visual Studio Solution File, Format Version 12.00
# Visual Studio Version 16
VisualStudioVersion = 16.0.32413.511
MinimumVisualStudioVersion = 10.0.40219.1
Project("{FAE04EC0-301F-11D3-BF4B-00C04F79EFBC}") = "DatabaseFirst", "DatabaseFirst\DatabaseFirst.csproj", "{798F3C0E-9D97-4953-84EB-DBE1C88189B1}"
EndProject
Project("{FAE04EC0-301F-11D3-BF4B-00C04F79EFBC}") = "CodeFirstExample", "CodeFirstExample\CodeFirstExample.csproj", "{59A6550B-3FFD-4635-8591-954BB4DED665}"
EndProject
Global
	GlobalSection(SolutionConfigurationPlatforms) = preSolution
		Debug|Any CPU = Debug|Any CPU
		Release|Any CPU = Release|Any CPU
	EndGlobalSection
	GlobalSection(ProjectConfigurationPlatforms) = postSolution
		{798F3C0E-9D97-4953-84EB-DBE1C88189B1}.Debug|Any CPU.ActiveCfg = Debug|Any CPU
		{798F3C0E-9D97-4953-84EB-DBE1C88189B1}.Debug|Any CPU.Build.0 = Debug|Any CPU
		{798F3C0E-9D97-4953-84EB-DBE1C88189B1}.Release|Any CPU.ActiveCfg = Release|Any CPU
		{798F3C0E-9D97-4953-84EB-DBE1C88189B1}.Release|Any CPU.Build.0 = Release|Any CPU
		{59A6550B-3FFD-4635-8591-954BB4DED665}.Debug|Any CPU.ActiveCfg = Debug|Any CPU
		{59A6550B-3FFD-4635-8591-954BB4DED665}.Debug|Any CPU.Build.0 = Debug|Any CPU
		{59A6550B-3FFD-4635-8591-954BB4DED665}.Release|Any CPU.ActiveCfg = Release|Any CPU
		{59A6550B-3FFD-4635-8591-954BB4DED665}.Release|Any CPU.Build.0 = Release|Any CPU
	EndGlobalSection
	GlobalSection(SolutionProperties) = preSolution
		HideSolutionNode = FALSE
	EndGlobalSection
	GlobalSection(ExtensibilityGlobals) = postSolution
		SolutionGuid = {42876F04-6C50-4825-86A2-54F4D8957DA0}
	EndGlobalSection
EndGlobal
